Microsoft Visual Studio Solution File, Format Version 12.00
# Visual Studio Version 17
VisualStudioVersion = 17.0.31611.283
MinimumVisualStudioVersion = 10.0.40219.1
Project("{9A19103F-16F7-4668-BE54-9A1E7A4F7556}") = "BMelt.ClassLibrary", "BMelt.ClassLibrary\BMelt.ClassLibrary.csproj", "{B21B0065-F8E1-4D7B-9226-4F70FC9F2514}"
EndProject
Project("{FAE04EC0-301F-11D3-BF4B-00C04F79EFBC}") = "BMelt.Api", "BMelt.Api\BMelt.Api.csproj", "{86C09BE8-37AA-4EBD-A830-B590034BFA01}"
EndProject
Project("{FAE04EC0-301F-11D3-BF4B-00C04F79EFBC}") = "BMelt.Razor", "BMelt.Razor\BMelt.Razor.csproj", "{F638BFF8-F2DC-4892-B0FB-453D6D850FC9}"
EndProject
Global
	GlobalSection(SolutionConfigurationPlatforms) = preSolution
		Debug|Any CPU = Debug|Any CPU
		Release|Any CPU = Release|Any CPU
	EndGlobalSection
	GlobalSection(ProjectConfigurationPlatforms) = postSolution
		{B21B0065-F8E1-4D7B-9226-4F70FC9F2514}.Debug|Any CPU.ActiveCfg = Debug|Any CPU
		{B21B0065-F8E1-4D7B-9226-4F70FC9F2514}.Debug|Any CPU.Build.0 = Debug|Any CPU
		{B21B0065-F8E1-4D7B-9226-4F70FC9F2514}.Release|Any CPU.ActiveCfg = Release|Any CPU
		{B21B0065-F8E1-4D7B-9226-4F70FC9F2514}.Release|Any CPU.Build.0 = Release|Any CPU
		{86C09BE8-37AA-4EBD-A830-B590034BFA01}.Debug|Any CPU.ActiveCfg = Debug|Any CPU
		{86C09BE8-37AA-4EBD-A830-B590034BFA01}.Debug|Any CPU.Build.0 = Debug|Any CPU
		{86C09BE8-37AA-4EBD-A830-B590034BFA01}.Release|Any CPU.ActiveCfg = Release|Any CPU
		{86C09BE8-37AA-4EBD-A830-B590034BFA01}.Release|Any CPU.Build.0 = Release|Any CPU
		{F638BFF8-F2DC-4892-B0FB-453D6D850FC9}.Debug|Any CPU.ActiveCfg = Debug|Any CPU
		{F638BFF8-F2DC-4892-B0FB-453D6D850FC9}.Debug|Any CPU.Build.0 = Debug|Any CPU
		{F638BFF8-F2DC-4892-B0FB-453D6D850FC9}.Release|Any CPU.ActiveCfg = Release|Any CPU
		{F638BFF8-F2DC-4892-B0FB-453D6D850FC9}.Release|Any CPU.Build.0 = Release|Any CPU
	EndGlobalSection
	GlobalSection(SolutionProperties) = preSolution
		HideSolutionNode = FALSE
	EndGlobalSection
	GlobalSection(ExtensibilityGlobals) = postSolution
		SolutionGuid = {61F7FB11-1E47-470C-91E2-47F8143E1572}
	EndGlobalSection
EndGlobal
